// !$*UTF8*$!
{
	archiveVersion = 1;
	classes = {
	};
	objectVersion = 56;
	objects = {

/* Begin PBXBuildFile section */
		CEA2605E2E94F8020034F4CE /* Apple_FrameworksApp.swift in Sources */ = {isa = PBXBuildFile; fileRef = CEA2605D2E94F8020034F4CE /* Apple_FrameworksApp.swift */; };
		CEA260602E94F8020034F4CE /* FrameworkGridView.swift in Sources */ = {isa = PBXBuildFile; fileRef = CEA2605F2E94F8020034F4CE /* FrameworkGridView.swift */; };
		CEA260622E94F8050034F4CE /* Assets.xcassets in Resources */ = {isa = PBXBuildFile; fileRef = CEA260612E94F8050034F4CE /* Assets.xcassets */; };
		CEA260652E94F8050034F4CE /* Preview Assets.xcassets in Resources */ = {isa = PBXBuildFile; fileRef = CEA260642E94F8050034F4CE /* Preview Assets.xcassets */; };
		CEA2606D2E94FA890034F4CE /* Framework.swift in Sources */ = {isa = PBXBuildFile; fileRef = CEA2606C2E94FA890034F4CE /* Framework.swift */; };
		CEA260702E9500C50034F4CE /* FrameworkTitleView.swift in Sources */ = {isa = PBXBuildFile; fileRef = CEA2606F2E9500C50034F4CE /* FrameworkTitleView.swift */; };
		CEA260722E9650A50034F4CE /* FrameworkDetailView.swift in Sources */ = {isa = PBXBuildFile; fileRef = CEA260712E9650A50034F4CE /* FrameworkDetailView.swift */; };
		CEA260752E96562C0034F4CE /* AFButton.swift in Sources */ = {isa = PBXBuildFile; fileRef = CEA260742E96562C0034F4CE /* AFButton.swift */; };
		CEA260782E965BE30034F4CE /* FrameworgGridViewModel.swift in Sources */ = {isa = PBXBuildFile; fileRef = CEA260772E965BE30034F4CE /* FrameworgGridViewModel.swift */; };
		CEA2607A2E9665010034F4CE /* SafariView.swift in Sources */ = {isa = PBXBuildFile; fileRef = CEA260792E9665010034F4CE /* SafariView.swift */; };
		CEA2607E2E966B260034F4CE /* XDismissButton.swift in Sources */ = {isa = PBXBuildFile; fileRef = CEA2607D2E966B260034F4CE /* XDismissButton.swift */; };
/* End PBXBuildFile section */

/* Begin PBXFileReference section */
		CEA2605A2E94F8020034F4CE /* Apple-Frameworks.app */ = {isa = PBXFileReference; explicitFileType = wrapper.application; includeInIndex = 0; path = "Apple-Frameworks.app"; sourceTree = BUILT_PRODUCTS_DIR; };
		CEA2605D2E94F8020034F4CE /* Apple_FrameworksApp.swift */ = {isa = PBXFileReference; lastKnownFileType = sourcecode.swift; path = Apple_FrameworksApp.swift; sourceTree = "<group>"; };
		CEA2605F2E94F8020034F4CE /* FrameworkGridView.swift */ = {isa = PBXFileReference; lastKnownFileType = sourcecode.swift; path = FrameworkGridView.swift; sourceTree = "<group>"; };
		CEA260612E94F8050034F4CE /* Assets.xcassets */ = {isa = PBXFileReference; lastKnownFileType = folder.assetcatalog; path = Assets.xcassets; sourceTree = "<group>"; };
		CEA260642E94F8050034F4CE /* Preview Assets.xcassets */ = {isa = PBXFileReference; lastKnownFileType = folder.assetcatalog; path = "Preview Assets.xcassets"; sourceTree = "<group>"; };
		CEA2606C2E94FA890034F4CE /* Framework.swift */ = {isa = PBXFileReference; lastKnownFileType = sourcecode.swift; path = Framework.swift; sourceTree = "<group>"; };
		CEA2606F2E9500C50034F4CE /* FrameworkTitleView.swift */ = {isa = PBXFileReference; lastKnownFileType = sourcecode.swift; path = FrameworkTitleView.swift; sourceTree = "<group>"; };
		CEA260712E9650A50034F4CE /* FrameworkDetailView.swift */ = {isa = PBXFileReference; lastKnownFileType = sourcecode.swift; path = FrameworkDetailView.swift; sourceTree = "<group>"; };
		CEA260742E96562C0034F4CE /* AFButton.swift */ = {isa = PBXFileReference; lastKnownFileType = sourcecode.swift; path = AFButton.swift; sourceTree = "<group>"; };
		CEA260772E965BE30034F4CE /* FrameworgGridViewModel.swift */ = {isa = PBXFileReference; lastKnownFileType = sourcecode.swift; path = FrameworgGridViewModel.swift; sourceTree = "<group>"; };
		CEA260792E9665010034F4CE /* SafariView.swift */ = {isa = PBXFileReference; lastKnownFileType = sourcecode.swift; path = SafariView.swift; sourceTree = "<group>"; };
		CEA2607D2E966B260034F4CE /* XDismissButton.swift */ = {isa = PBXFileReference; lastKnownFileType = sourcecode.swift; path = XDismissButton.swift; sourceTree = "<group>"; };
/* End PBXFileReference section */

/* Begin PBXFrameworksBuildPhase section */
		CEA260572E94F8020034F4CE /* Frameworks */ = {
			isa = PBXFrameworksBuildPhase;
			buildActionMask = 2147483647;
			files = (
			);
			runOnlyForDeploymentPostprocessing = 0;
		};
/* End PBXFrameworksBuildPhase section */

/* Begin PBXGroup section */
		CEA260512E94F8020034F4CE = {
			isa = PBXGroup;
			children = (
				CEA2605C2E94F8020034F4CE /* Apple-Frameworks */,
				CEA2605B2E94F8020034F4CE /* Products */,
			);
			sourceTree = "<group>";
		};
		CEA2605B2E94F8020034F4CE /* Products */ = {
			isa = PBXGroup;
			children = (
				CEA2605A2E94F8020034F4CE /* Apple-Frameworks.app */,
			);
			name = Products;
			sourceTree = "<group>";
		};
		CEA2605C2E94F8020034F4CE /* Apple-Frameworks */ = {
			isa = PBXGroup;
			children = (
				CEA260832E966D640034F4CE /* Resources */,
				CEA260822E966D540034F4CE /* App */,
				CEA2607F2E966CD40034F4CE /* UIKitComponents */,
				CEA260762E965BC10034F4CE /* ViewModel */,
				CEA260732E9655EE0034F4CE /* Views */,
				CEA2606E2E94FDDA0034F4CE /* Screen */,
				CEA2606B2E94FA720034F4CE /* Model */,
				CEA260632E94F8050034F4CE /* Preview Content */,
			);
			path = "Apple-Frameworks";
			sourceTree = "<group>";
		};
		CEA260632E94F8050034F4CE /* Preview Content */ = {
			isa = PBXGroup;
			children = (
				CEA260642E94F8050034F4CE /* Preview Assets.xcassets */,
			);
			path = "Preview Content";
			sourceTree = "<group>";
		};
		CEA2606B2E94FA720034F4CE /* Model */ = {
			isa = PBXGroup;
			children = (
				CEA2606C2E94FA890034F4CE /* Framework.swift */,
			);
			path = Model;
			sourceTree = "<group>";
		};
		CEA2606E2E94FDDA0034F4CE /* Screen */ = {
			isa = PBXGroup;
			children = (
				CEA260812E966D180034F4CE /* Detail */,
				CEA260802E966D070034F4CE /* FrameworkGrid */,
			);
			path = Screen;
			sourceTree = "<group>";
		};
		CEA260732E9655EE0034F4CE /* Views */ = {
			isa = PBXGroup;
			children = (
				CEA2606F2E9500C50034F4CE /* FrameworkTitleView.swift */,
				CEA260742E96562C0034F4CE /* AFButton.swift */,
				CEA2607D2E966B260034F4CE /* XDismissButton.swift */,
			);
			path = Views;
			sourceTree = "<group>";
		};
		CEA260762E965BC10034F4CE /* ViewModel */ = {
			isa = PBXGroup;
			children = (
				CEA260772E965BE30034F4CE /* FrameworgGridViewModel.swift */,
			);
			path = ViewModel;
			sourceTree = "<group>";
		};
		CEA2607F2E966CD40034F4CE /* UIKitComponents */ = {
			isa = PBXGroup;
			children = (
				CEA260792E9665010034F4CE /* SafariView.swift */,
			);
			path = UIKitComponents;
			sourceTree = "<group>";
		};
		CEA260802E966D070034F4CE /* FrameworkGrid */ = {
			isa = PBXGroup;
			children = (
				CEA2605F2E94F8020034F4CE /* FrameworkGridView.swift */,
			);
			path = FrameworkGrid;
			sourceTree = "<group>";
		};
		CEA260812E966D180034F4CE /* Detail */ = {
			isa = PBXGroup;
			children = (
				CEA260712E9650A50034F4CE /* FrameworkDetailView.swift */,
			);
			path = Detail;
			sourceTree = "<group>";
		};
		CEA260822E966D540034F4CE /* App */ = {
			isa = PBXGroup;
			children = (
				CEA2605D2E94F8020034F4CE /* Apple_FrameworksApp.swift */,
			);
			path = App;
			sourceTree = "<group>";
		};
		CEA260832E966D640034F4CE /* Resources */ = {
			isa = PBXGroup;
			children = (
				CEA260612E94F8050034F4CE /* Assets.xcassets */,
			);
			path = Resources;
			sourceTree = "<group>";
		};
/* End PBXGroup section */

/* Begin PBXNativeTarget section */
		CEA260592E94F8020034F4CE /* Apple-Frameworks */ = {
			isa = PBXNativeTarget;
			buildConfigurationList = CEA260682E94F8050034F4CE /* Build configuration list for PBXNativeTarget "Apple-Frameworks" */;
			buildPhases = (
				CEA260562E94F8020034F4CE /* Sources */,
				CEA260572E94F8020034F4CE /* Frameworks */,
				CEA260582E94F8020034F4CE /* Resources */,
			);
			buildRules = (
			);
			dependencies = (
			);
			name = "Apple-Frameworks";
			productName = "Apple-Frameworks";
			productReference = CEA2605A2E94F8020034F4CE /* Apple-Frameworks.app */;
			productType = "com.apple.product-type.application";
		};
/* End PBXNativeTarget section */

/* Begin PBXProject section */
		CEA260522E94F8020034F4CE /* Project object */ = {
			isa = PBXProject;
			attributes = {
				BuildIndependentTargetsInParallel = 1;
				LastSwiftUpdateCheck = 1520;
				LastUpgradeCheck = 1520;
				TargetAttributes = {
					CEA260592E94F8020034F4CE = {
						CreatedOnToolsVersion = 15.2;
					};
				};
			};
			buildConfigurationList = CEA260552E94F8020034F4CE /* Build configuration list for PBXProject "Apple-Frameworks" */;
			compatibilityVersion = "Xcode 14.0";
			developmentRegion = en;
			hasScannedForEncodings = 0;
			knownRegions = (
				en,
				Base,
			);
			mainGroup = CEA260512E94F8020034F4CE;
			productRefGroup = CEA2605B2E94F8020034F4CE /* Products */;
			projectDirPath = "";
			projectRoot = "";
			targets = (
				CEA260592E94F8020034F4CE /* Apple-Frameworks */,
			);
		};
/* End PBXProject section */

/* Begin PBXResourcesBuildPhase section */
		CEA260582E94F8020034F4CE /* Resources */ = {
			isa = PBXResourcesBuildPhase;
			buildActionMask = 2147483647;
			files = (
				CEA260652E94F8050034F4CE /* Preview Assets.xcassets in Resources */,
				CEA260622E94F8050034F4CE /* Assets.xcassets in Resources */,
			);
			runOnlyForDeploymentPostprocessing = 0;
		};
/* End PBXResourcesBuildPhase section */

/* Begin PBXSourcesBuildPhase section */
		CEA260562E94F8020034F4CE /* Sources */ = {
			isa = PBXSourcesBuildPhase;
			buildActionMask = 2147483647;
			files = (
				CEA260602E94F8020034F4CE /* FrameworkGridView.swift in Sources */,
				CEA260722E9650A50034F4CE /* FrameworkDetailView.swift in Sources */,
				CEA2607E2E966B260034F4CE /* XDismissButton.swift in Sources */,
				CEA260782E965BE30034F4CE /* FrameworgGridViewModel.swift in Sources */,
				CEA2606D2E94FA890034F4CE /* Framework.swift in Sources */,
				CEA2607A2E9665010034F4CE /* SafariView.swift in Sources */,
				CEA260702E9500C50034F4CE /* FrameworkTitleView.swift in Sources */,
				CEA260752E96562C0034F4CE /* AFButton.swift in Sources */,
				CEA2605E2E94F8020034F4CE /* Apple_FrameworksApp.swift in Sources */,
			);
			runOnlyForDeploymentPostprocessing = 0;
		};
/* End PBXSourcesBuildPhase section */

/* Begin XCBuildConfiguration section */
		CEA260662E94F8050034F4CE /* Debug */ = {
			isa = XCBuildConfiguration;
			buildSettings = {
				ALWAYS_SEARCH_USER_PATHS = NO;
				ASSETCATALOG_COMPILER_GENERATE_SWIFT_ASSET_SYMBOL_EXTENSIONS = YES;
				CLANG_ANALYZER_NONNULL = YES;
				CLANG_ANALYZER_NUMBER_OBJECT_CONVERSION = YES_AGGRESSIVE;
				CLANG_CXX_LANGUAGE_STANDARD = "gnu++20";
				CLANG_ENABLE_MODULES = YES;
				CLANG_ENABLE_OBJC_ARC = YES;
				CLANG_ENABLE_OBJC_WEAK = YES;
				CLANG_WARN_BLOCK_CAPTURE_AUTORELEASING = YES;
				CLANG_WARN_BOOL_CONVERSION = YES;
				CLANG_WARN_COMMA = YES;
				CLANG_WARN_CONSTANT_CONVERSION = YES;
				CLANG_WARN_DEPRECATED_OBJC_IMPLEMENTATIONS = YES;
				CLANG_WARN_DIRECT_OBJC_ISA_USAGE = YES_ERROR;
				CLANG_WARN_DOCUMENTATION_COMMENTS = YES;
				CLANG_WARN_EMPTY_BODY = YES;
				CLANG_WARN_ENUM_CONVERSION = YES;
				CLANG_WARN_INFINITE_RECURSION = YES;
				CLANG_WARN_INT_CONVERSION = YES;
				CLANG_WARN_NON_LITERAL_NULL_CONVERSION = YES;
				CLANG_WARN_OBJC_IMPLICIT_RETAIN_SELF = YES;
				CLANG_WARN_OBJC_LITERAL_CONVERSION = YES;
				CLANG_WARN_OBJC_ROOT_CLASS = YES_ERROR;
				CLANG_WARN_QUOTED_INCLUDE_IN_FRAMEWORK_HEADER = YES;
				CLANG_WARN_RANGE_LOOP_ANALYSIS = YES;
				CLANG_WARN_STRICT_PROTOTYPES = YES;
				CLANG_WARN_SUSPICIOUS_MOVE = YES;
				CLANG_WARN_UNGUARDED_AVAILABILITY = YES_AGGRESSIVE;
				CLANG_WARN_UNREACHABLE_CODE = YES;
				CLANG_WARN__DUPLICATE_METHOD_MATCH = YES;
				COPY_PHASE_STRIP = NO;
				DEBUG_INFORMATION_FORMAT = dwarf;
				ENABLE_STRICT_OBJC_MSGSEND = YES;
				ENABLE_TESTABILITY = YES;
				ENABLE_USER_SCRIPT_SANDBOXING = YES;
				GCC_C_LANGUAGE_STANDARD = gnu17;
				GCC_DYNAMIC_NO_PIC = NO;
				GCC_NO_COMMON_BLOCKS = YES;
				GCC_OPTIMIZATION_LEVEL = 0;
				GCC_PREPROCESSOR_DEFINITIONS = (
					"DEBUG=1",
					"$(inherited)",
				);
				GCC_WARN_64_TO_32_BIT_CONVERSION = YES;
				GCC_WARN_ABOUT_RETURN_TYPE = YES_ERROR;
				GCC_WARN_UNDECLARED_SELECTOR = YES;
				GCC_WARN_UNINITIALIZED_AUTOS = YES_AGGRESSIVE;
				GCC_WARN_UNUSED_FUNCTION = YES;
				GCC_WARN_UNUSED_VARIABLE = YES;
				IPHONEOS_DEPLOYMENT_TARGET = 17.2;
				LOCALIZATION_PREFERS_STRING_CATALOGS = YES;
				MTL_ENABLE_DEBUG_INFO = INCLUDE_SOURCE;
				MTL_FAST_MATH = YES;
				ONLY_ACTIVE_ARCH = YES;
				SDKROOT = iphoneos;
				SWIFT_ACTIVE_COMPILATION_CONDITIONS = "DEBUG $(inherited)";
				SWIFT_OPTIMIZATION_LEVEL = "-Onone";
			};
			name = Debug;
		};
		CEA260672E94F8050034F4CE /* Release */ = {
			isa = XCBuildConfiguration;
			buildSettings = {
				ALWAYS_SEARCH_USER_PATHS = NO;
				ASSETCATALOG_COMPILER_GENERATE_SWIFT_ASSET_SYMBOL_EXTENSIONS = YES;
				CLANG_ANALYZER_NONNULL = YES;
				CLANG_ANALYZER_NUMBER_OBJECT_CONVERSION = YES_AGGRESSIVE;
				CLANG_CXX_LANGUAGE_STANDARD = "gnu++20";
				CLANG_ENABLE_MODULES = YES;
				CLANG_ENABLE_OBJC_ARC = YES;
				CLANG_ENABLE_OBJC_WEAK = YES;
				CLANG_WARN_BLOCK_CAPTURE_AUTORELEASING = YES;
				CLANG_WARN_BOOL_CONVERSION = YES;
				CLANG_WARN_COMMA = YES;
				CLANG_WARN_CONSTANT_CONVERSION = YES;
				CLANG_WARN_DEPRECATED_OBJC_IMPLEMENTATIONS = YES;
				CLANG_WARN_DIRECT_OBJC_ISA_USAGE = YES_ERROR;
				CLANG_WARN_DOCUMENTATION_COMMENTS = YES;
				CLANG_WARN_EMPTY_BODY = YES;
				CLANG_WARN_ENUM_CONVERSION = YES;
				CLANG_WARN_INFINITE_RECURSION = YES;
				CLANG_WARN_INT_CONVERSION = YES;
				CLANG_WARN_NON_LITERAL_NULL_CONVERSION = YES;
				CLANG_WARN_OBJC_IMPLICIT_RETAIN_SELF = YES;
				CLANG_WARN_OBJC_LITERAL_CONVERSION = YES;
				CLANG_WARN_OBJC_ROOT_CLASS = YES_ERROR;
				CLANG_WARN_QUOTED_INCLUDE_IN_FRAMEWORK_HEADER = YES;
				CLANG_WARN_RANGE_LOOP_ANALYSIS = YES;
				CLANG_WARN_STRICT_PROTOTYPES = YES;
				CLANG_WARN_SUSPICIOUS_MOVE = YES;
				CLANG_WARN_UNGUARDED_AVAILABILITY = YES_AGGRESSIVE;
				CLANG_WARN_UNREACHABLE_CODE = YES;
				CLANG_WARN__DUPLICATE_METHOD_MATCH = YES;
				COPY_PHASE_STRIP = NO;
				DEBUG_INFORMATION_FORMAT = "dwarf-with-dsym";
				ENABLE_NS_ASSERTIONS = NO;
				ENABLE_STRICT_OBJC_MSGSEND = YES;
				ENABLE_USER_SCRIPT_SANDBOXING = YES;
				GCC_C_LANGUAGE_STANDARD = gnu17;
				GCC_NO_COMMON_BLOCKS = YES;
				GCC_WARN_64_TO_32_BIT_CONVERSION = YES;
				GCC_WARN_ABOUT_RETURN_TYPE = YES_ERROR;
				GCC_WARN_UNDECLARED_SELECTOR = YES;
				GCC_WARN_UNINITIALIZED_AUTOS = YES_AGGRESSIVE;
				GCC_WARN_UNUSED_FUNCTION = YES;
				GCC_WARN_UNUSED_VARIABLE = YES;
				IPHONEOS_DEPLOYMENT_TARGET = 17.2;
				LOCALIZATION_PREFERS_STRING_CATALOGS = YES;
				MTL_ENABLE_DEBUG_INFO = NO;
				MTL_FAST_MATH = YES;
				SDKROOT = iphoneos;
				SWIFT_COMPILATION_MODE = wholemodule;
				VALIDATE_PRODUCT = YES;
			};
			name = Release;
		};
		CEA260692E94F8050034F4CE /* Debug */ = {
			isa = XCBuildConfiguration;
			buildSettings = {
				ASSETCATALOG_COMPILER_APPICON_NAME = AppIcon;
				ASSETCATALOG_COMPILER_GLOBAL_ACCENT_COLOR_NAME = AccentColor;
				CODE_SIGN_STYLE = Automatic;
				CURRENT_PROJECT_VERSION = 1;
				DEVELOPMENT_ASSET_PATHS = "\"Apple-Frameworks/Preview Content\"";
				ENABLE_PREVIEWS = YES;
				GENERATE_INFOPLIST_FILE = YES;
				INFOPLIST_KEY_UIApplicationSceneManifest_Generation = YES;
				INFOPLIST_KEY_UIApplicationSupportsIndirectInputEvents = YES;
				INFOPLIST_KEY_UILaunchScreen_Generation = YES;
				INFOPLIST_KEY_UISupportedInterfaceOrientations_iPad = "UIInterfaceOrientationPortrait UIInterfaceOrientationPortraitUpsideDown UIInterfaceOrientationLandscapeLeft UIInterfaceOrientationLandscapeRight";
				INFOPLIST_KEY_UISupportedInterfaceOrientations_iPhone = "UIInterfaceOrientationPortrait UIInterfaceOrientationLandscapeLeft UIInterfaceOrientationLandscapeRight";
				LD_RUNPATH_SEARCH_PATHS = (
					"$(inherited)",
					"@executable_path/Frameworks",
				);
				MARKETING_VERSION = 1.0;
				PRODUCT_BUNDLE_IDENTIFIER = "com.gunelbalayeva.Apple-Frameworks";
				PRODUCT_NAME = "$(TARGET_NAME)";
				SWIFT_EMIT_LOC_STRINGS = YES;
				SWIFT_VERSION = 5.0;
				TARGETED_DEVICE_FAMILY = "1,2";
			};
			name = Debug;
		};
		CEA2606A2E94F8050034F4CE /* Release */ = {
			isa = XCBuildConfiguration;
			buildSettings = {
				ASSETCATALOG_COMPILER_APPICON_NAME = AppIcon;
				ASSETCATALOG_COMPILER_GLOBAL_ACCENT_COLOR_NAME = AccentColor;
				CODE_SIGN_STYLE = Automatic;
				CURRENT_PROJECT_VERSION = 1;
				DEVELOPMENT_ASSET_PATHS = "\"Apple-Frameworks/Preview Content\"";
				ENABLE_PREVIEWS = YES;
				GENERATE_INFOPLIST_FILE = YES;
				INFOPLIST_KEY_UIApplicationSceneManifest_Generation = YES;
				INFOPLIST_KEY_UIApplicationSupportsIndirectInputEvents = YES;
				INFOPLIST_KEY_UILaunchScreen_Generation = YES;
				INFOPLIST_KEY_UISupportedInterfaceOrientations_iPad = "UIInterfaceOrientationPortrait UIInterfaceOrientationPortraitUpsideDown UIInterfaceOrientationLandscapeLeft UIInterfaceOrientationLandscapeRight";
				INFOPLIST_KEY_UISupportedInterfaceOrientations_iPhone = "UIInterfaceOrientationPortrait UIInterfaceOrientationLandscapeLeft UIInterfaceOrientationLandscapeRight";
				LD_RUNPATH_SEARCH_PATHS = (
					"$(inherited)",
					"@executable_path/Frameworks",
				);
				MARKETING_VERSION = 1.0;
				PRODUCT_BUNDLE_IDENTIFIER = "com.gunelbalayeva.Apple-Frameworks";
				PRODUCT_NAME = "$(TARGET_NAME)";
				SWIFT_EMIT_LOC_STRINGS = YES;
				SWIFT_VERSION = 5.0;
				TARGETED_DEVICE_FAMILY = "1,2";
			};
			name = Release;
		};
/* End XCBuildConfiguration section */

/* Begin XCConfigurationList section */
		CEA260552E94F8020034F4CE /* Build configuration list for PBXProject "Apple-Frameworks" */ = {
			isa = XCConfigurationList;
			buildConfigurations = (
				CEA260662E94F8050034F4CE /* Debug */,
				CEA260672E94F8050034F4CE /* Release */,
			);
			defaultConfigurationIsVisible = 0;
			defaultConfigurationName = Release;
		};
		CEA260682E94F8050034F4CE /* Build configuration list for PBXNativeTarget "Apple-Frameworks" */ = {
			isa = XCConfigurationList;
			buildConfigurations = (
				CEA260692E94F8050034F4CE /* Debug */,
				CEA2606A2E94F8050034F4CE /* Release */,
			);
			defaultConfigurationIsVisible = 0;
			defaultConfigurationName = Release;
		};
/* End XCConfigurationList section */
	};
	rootObject = CEA260522E94F8020034F4CE /* Project object */;
}
